SITE
  remote: http://community.opscode.com/api/v1
  specs:
    homebrew (1.5.4)

GIT
  remote: git://github.com/pivotal-sprout/sprout-homebrew.git
  ref: master
  sha: bdc68fec6b78f2e00c173c39c31a3751bfdf5899
  specs:
    sprout-homebrew (0.1.0)
      homebrew (>= 0.0.0)

DEPENDENCIES
  sprout-homebrew (>= 0)

